contents: []
cost:
  quantity: 10
  unit: gp
desc:
  - A key is provided with the lock. Without the key, a creature proficient with thieves' tools can pick this lock with a successful DC 15 Dexterity check. Your GM may decide that better locks are available for higher prices.
equipment_category:
  index: adventuring-gear
  name: Adventuring Gear
  ref: equipment-categories/adventuring-gear.yaml
gear_category:
  index: standard-gear
  name: Standard Gear
  ref: equipment-categories/standard-gear.yaml
index: lock
name: Lock
properties: []
ref: equipment/lock.yaml
special: []
updated_at: "2025-10-24T20:42:12.926Z"
weight: 1
